// !$*UTF8*$!
{
	archiveVersion = 1;
	classes = {
	};
	objectVersion = 48;
	objects = {

/* Begin PBXBuildFile section */
		D7E0BD552036F303000157DB /* AppDelegate.swift in Sources */ = {isa = PBXBuildFile; fileRef = D7E0BD542036F303000157DB /* AppDelegate.swift */; };
		D7E0BD572036F304000157DB /* WelcomeScreenController.swift in Sources */ = {isa = PBXBuildFile; fileRef = D7E0BD562036F304000157DB /* WelcomeScreenController.swift */; };
		D7E0BD5A2036F304000157DB /* Main.storyboard in Resources */ = {isa = PBXBuildFile; fileRef = D7E0BD582036F304000157DB /* Main.storyboard */; };
		D7E0BD5C2036F304000157DB /* Assets.xcassets in Resources */ = {isa = PBXBuildFile; fileRef = D7E0BD5B2036F304000157DB /* Assets.xcassets */; };
		D7E0BD5F2036F304000157DB /* LaunchScreen.storyboard in Resources */ = {isa = PBXBuildFile; fileRef = D7E0BD5D2036F304000157DB /* LaunchScreen.storyboard */; };
		D7E0BD6B2037247A000157DB /* LoginInController.swift in Sources */ = {isa = PBXBuildFile; fileRef = D7E0BD6A2037247A000157DB /* LoginInController.swift */; };
		D7E0BD6D20372506000157DB /* RegisterController.swift in Sources */ = {isa = PBXBuildFile; fileRef = D7E0BD6C20372506000157DB /* RegisterController.swift */; };
		D7E0BD6F203725D4000157DB /* SimonGameController.swift in Sources */ = {isa = PBXBuildFile; fileRef = D7E0BD6E203725D4000157DB /* SimonGameController.swift */; };
		D7E0BD712037260F000157DB /* HighScoreController.swift in Sources */ = {isa = PBXBuildFile; fileRef = D7E0BD702037260F000157DB /* HighScoreController.swift */; };
/* End PBXBuildFile section */

/* Begin PBXFileReference section */
		D7E0BD512036F303000157DB /* Saymon experiment 01.app */ = {isa = PBXFileReference; explicitFileType = wrapper.application; includeInIndex = 0; path = "Saymon experiment 01.app"; sourceTree = BUILT_PRODUCTS_DIR; };
		D7E0BD542036F303000157DB /* AppDelegate.swift */ = {isa = PBXFileReference; lastKnownFileType = sourcecode.swift; path = AppDelegate.swift; sourceTree = "<group>"; };
		D7E0BD562036F304000157DB /* WelcomeScreenController.swift */ = {isa = PBXFileReference; lastKnownFileType = sourcecode.swift; path = WelcomeScreenController.swift; sourceTree = "<group>"; };
		D7E0BD592036F304000157DB /* Base */ = {isa = PBXFileReference; lastKnownFileType = file.storyboard; name = Base; path = Base.lproj/Main.storyboard; sourceTree = "<group>"; };
		D7E0BD5B2036F304000157DB /* Assets.xcassets */ = {isa = PBXFileReference; lastKnownFileType = folder.assetcatalog; path = Assets.xcassets; sourceTree = "<group>"; };
		D7E0BD5E2036F304000157DB /* Base */ = {isa = PBXFileReference; lastKnownFileType = file.storyboard; name = Base; path = Base.lproj/LaunchScreen.storyboard; sourceTree = "<group>"; };
		D7E0BD602036F304000157DB /* Info.plist */ = {isa = PBXFileReference; lastKnownFileType = text.plist.xml; path = Info.plist; sourceTree = "<group>"; };
		D7E0BD6A2037247A000157DB /* LoginInController.swift */ = {isa = PBXFileReference; lastKnownFileType = sourcecode.swift; path = LoginInController.swift; sourceTree = "<group>"; };
		D7E0BD6C20372506000157DB /* RegisterController.swift */ = {isa = PBXFileReference; lastKnownFileType = sourcecode.swift; path = RegisterController.swift; sourceTree = "<group>"; };
		D7E0BD6E203725D4000157DB /* SimonGameController.swift */ = {isa = PBXFileReference; lastKnownFileType = sourcecode.swift; path = SimonGameController.swift; sourceTree = "<group>"; };
		D7E0BD702037260F000157DB /* HighScoreController.swift */ = {isa = PBXFileReference; lastKnownFileType = sourcecode.swift; path = HighScoreController.swift; sourceTree = "<group>"; };
/* End PBXFileReference section */

/* Begin PBXFrameworksBuildPhase section */
		D7E0BD4E2036F303000157DB /* Frameworks */ = {
			isa = PBXFrameworksBuildPhase;
			buildActionMask = 2147483647;
			files = (
			);
			runOnlyForDeploymentPostprocessing = 0;
		};
/* End PBXFrameworksBuildPhase section */

/* Begin PBXGroup section */
		D7E0BD482036F303000157DB = {
			isa = PBXGroup;
			children = (
				D7E0BD532036F303000157DB /* Saymon experiment 01 */,
				D7E0BD522036F303000157DB /* Products */,
			);
			sourceTree = "<group>";
		};
		D7E0BD522036F303000157DB /* Products */ = {
			isa = PBXGroup;
			children = (
				D7E0BD512036F303000157DB /* Saymon experiment 01.app */,
			);
			name = Products;
			sourceTree = "<group>";
		};
		D7E0BD532036F303000157DB /* Saymon experiment 01 */ = {
			isa = PBXGroup;
			children = (
				D7E0BD6820372249000157DB /* Model */,
				D7E0BD67203721F4000157DB /* View */,
				D7E0BD66203721C7000157DB /* Controller */,
				D7E0BD6920372257000157DB /* Supporting Files */,
				D7E0BD5B2036F304000157DB /* Assets.xcassets */,
				D7E0BD602036F304000157DB /* Info.plist */,
			);
			path = "Saymon experiment 01";
			sourceTree = "<group>";
		};
		D7E0BD66203721C7000157DB /* Controller */ = {
			isa = PBXGroup;
			children = (
				D7E0BD542036F303000157DB /* AppDelegate.swift */,
				D7E0BD562036F304000157DB /* WelcomeScreenController.swift */,
				D7E0BD6A2037247A000157DB /* LoginInController.swift */,
				D7E0BD6C20372506000157DB /* RegisterController.swift */,
				D7E0BD6E203725D4000157DB /* SimonGameController.swift */,
				D7E0BD702037260F000157DB /* HighScoreController.swift */,
			);
			path = Controller;
			sourceTree = "<group>";
		};
		D7E0BD67203721F4000157DB /* View */ = {
			isa = PBXGroup;
			children = (
				D7E0BD5D2036F304000157DB /* LaunchScreen.storyboard */,
				D7E0BD582036F304000157DB /* Main.storyboard */,
			);
			path = View;
			sourceTree = "<group>";
		};
		D7E0BD6820372249000157DB /* Model */ = {
			isa = PBXGroup;
			children = (
			);
			path = Model;
			sourceTree = "<group>";
		};
		D7E0BD6920372257000157DB /* Supporting Files */ = {
			isa = PBXGroup;
			children = (
			);
			path = "Supporting Files";
			sourceTree = "<group>";
		};
/* End PBXGroup section */

/* Begin PBXNativeTarget section */
		D7E0BD502036F303000157DB /* Saymon experiment 01 */ = {
			isa = PBXNativeTarget;
			buildConfigurationList = D7E0BD632036F304000157DB /* Build configuration list for PBXNativeTarget "Saymon experiment 01" */;
			buildPhases = (
				D7E0BD4D2036F303000157DB /* Sources */,
				D7E0BD4E2036F303000157DB /* Frameworks */,
				D7E0BD4F2036F303000157DB /* Resources */,
			);
			buildRules = (
			);
			dependencies = (
			);
			name = "Saymon experiment 01";
			productName = "Saymon experiment 01";
			productReference = D7E0BD512036F303000157DB /* Saymon experiment 01.app */;
			productType = "com.apple.product-type.application";
		};
/* End PBXNativeTarget section */

/* Begin PBXProject section */
		D7E0BD492036F303000157DB /* Project object */ = {
			isa = PBXProject;
			attributes = {
				LastSwiftUpdateCheck = 0920;
				LastUpgradeCheck = 0920;
				ORGANIZATIONNAME = Ishay;
				TargetAttributes = {
					D7E0BD502036F303000157DB = {
						CreatedOnToolsVersion = 9.2;
						ProvisioningStyle = Automatic;
					};
				};
			};
			buildConfigurationList = D7E0BD4C2036F303000157DB /* Build configuration list for PBXProject "Saymon experiment 01" */;
			compatibilityVersion = "Xcode 8.0";
			developmentRegion = en;
			hasScannedForEncodings = 0;
			knownRegions = (
				en,
				Base,
			);
			mainGroup = D7E0BD482036F303000157DB;
			productRefGroup = D7E0BD522036F303000157DB /* Products */;
			projectDirPath = "";
			projectRoot = "";
			targets = (
				D7E0BD502036F303000157DB /* Saymon experiment 01 */,
			);
		};
/* End PBXProject section */

/* Begin PBXResourcesBuildPhase section */
		D7E0BD4F2036F303000157DB /* Resources */ = {
			isa = PBXResourcesBuildPhase;
			buildActionMask = 2147483647;
			files = (
				D7E0BD5F2036F304000157DB /* LaunchScreen.storyboard in Resources */,
				D7E0BD5C2036F304000157DB /* Assets.xcassets in Resources */,
				D7E0BD5A2036F304000157DB /* Main.storyboard in Resources */,
			);
			runOnlyForDeploymentPostprocessing = 0;
		};
/* End PBXResourcesBuildPhase section */

/* Begin PBXSourcesBuildPhase section */
		D7E0BD4D2036F303000157DB /* Sources */ = {
			isa = PBXSourcesBuildPhase;
			buildActionMask = 2147483647;
			files = (
				D7E0BD712037260F000157DB /* HighScoreController.swift in Sources */,
				D7E0BD6F203725D4000157DB /* SimonGameController.swift in Sources */,
				D7E0BD6D20372506000157DB /* RegisterController.swift in Sources */,
				D7E0BD572036F304000157DB /* WelcomeScreenController.swift in Sources */,
				D7E0BD6B2037247A000157DB /* LoginInController.swift in Sources */,
				D7E0BD552036F303000157DB /* AppDelegate.swift in Sources */,
			);
			runOnlyForDeploymentPostprocessing = 0;
		};
/* End PBXSourcesBuildPhase section */

/* Begin PBXVariantGroup section */
		D7E0BD582036F304000157DB /* Main.storyboard */ = {
			isa = PBXVariantGroup;
			children = (
				D7E0BD592036F304000157DB /* Base */,
			);
			name = Main.storyboard;
			sourceTree = "<group>";
		};
		D7E0BD5D2036F304000157DB /* LaunchScreen.storyboard */ = {
			isa = PBXVariantGroup;
			children = (
				D7E0BD5E2036F304000157DB /* Base */,
			);
			name = LaunchScreen.storyboard;
			sourceTree = "<group>";
		};
/* End PBXVariantGroup section */

/* Begin XCBuildConfiguration section */
		D7E0BD612036F304000157DB /* Debug */ = {
			isa = XCBuildConfiguration;
			buildSettings = {
				ALWAYS_SEARCH_USER_PATHS = NO;
				CLANG_ANALYZER_NONNULL = YES;
				CLANG_ANALYZER_NUMBER_OBJECT_CONVERSION = YES_AGGRESSIVE;
				CLANG_CXX_LANGUAGE_STANDARD = "gnu++14";
				CLANG_CXX_LIBRARY = "libc++";
				CLANG_ENABLE_MODULES = YES;
				CLANG_ENABLE_OBJC_ARC = YES;
				CLANG_WARN_BLOCK_CAPTURE_AUTORELEASING = YES;
				CLANG_WARN_BOOL_CONVERSION = YES;
				CLANG_WARN_COMMA = YES;
				CLANG_WARN_CONSTANT_CONVERSION = YES;
				CLANG_WARN_DIRECT_OBJC_ISA_USAGE = YES_ERROR;
				CLANG_WARN_DOCUMENTATION_COMMENTS = YES;
				CLANG_WARN_EMPTY_BODY = YES;
				CLANG_WARN_ENUM_CONVERSION = YES;
				CLANG_WARN_INFINITE_RECURSION = YES;
				CLANG_WARN_INT_CONVERSION = YES;
				CLANG_WARN_NON_LITERAL_NULL_CONVERSION = YES;
				CLANG_WARN_OBJC_LITERAL_CONVERSION = YES;
				CLANG_WARN_OBJC_ROOT_CLASS = YES_ERROR;
				CLANG_WARN_RANGE_LOOP_ANALYSIS = YES;
				CLANG_WARN_STRICT_PROTOTYPES = YES;
				CLANG_WARN_SUSPICIOUS_MOVE = YES;
				CLANG_WARN_UNGUARDED_AVAILABILITY = YES_AGGRESSIVE;
				CLANG_WARN_UNREACHABLE_CODE = YES;
				CLANG_WARN__DUPLICATE_METHOD_MATCH = YES;
				CODE_SIGN_IDENTITY = "iPhone Developer";
				COPY_PHASE_STRIP = NO;
				DEBUG_INFORMATION_FORMAT = dwarf;
				ENABLE_STRICT_OBJC_MSGSEND = YES;
				ENABLE_TESTABILITY = YES;
				GCC_C_LANGUAGE_STANDARD = gnu11;
				GCC_DYNAMIC_NO_PIC = NO;
				GCC_NO_COMMON_BLOCKS = YES;
				GCC_OPTIMIZATION_LEVEL = 0;
				GCC_PREPROCESSOR_DEFINITIONS = (
					"DEBUG=1",
					"$(inherited)",
				);
				GCC_WARN_64_TO_32_BIT_CONVERSION = YES;
				GCC_WARN_ABOUT_RETURN_TYPE = YES_ERROR;
				GCC_WARN_UNDECLARED_SELECTOR = YES;
				GCC_WARN_UNINITIALIZED_AUTOS = YES_AGGRESSIVE;
				GCC_WARN_UNUSED_FUNCTION = YES;
				GCC_WARN_UNUSED_VARIABLE = YES;
				IPHONEOS_DEPLOYMENT_TARGET = 11.2;
				MTL_ENABLE_DEBUG_INFO = YES;
				ONLY_ACTIVE_ARCH = YES;
				SDKROOT = iphoneos;
				SWIFT_ACTIVE_COMPILATION_CONDITIONS = DEBUG;
				SWIFT_OPTIMIZATION_LEVEL = "-Onone";
			};
			name = Debug;
		};
		D7E0BD622036F304000157DB /* Release */ = {
			isa = XCBuildConfiguration;
			buildSettings = {
				ALWAYS_SEARCH_USER_PATHS = NO;
				CLANG_ANALYZER_NONNULL = YES;
				CLANG_ANALYZER_NUMBER_OBJECT_CONVERSION = YES_AGGRESSIVE;
				CLANG_CXX_LANGUAGE_STANDARD = "gnu++14";
				CLANG_CXX_LIBRARY = "libc++";
				CLANG_ENABLE_MODULES = YES;
				CLANG_ENABLE_OBJC_ARC = YES;
				CLANG_WARN_BLOCK_CAPTURE_AUTORELEASING = YES;
				CLANG_WARN_BOOL_CONVERSION = YES;
				CLANG_WARN_COMMA = YES;
				CLANG_WARN_CONSTANT_CONVERSION = YES;
				CLANG_WARN_DIRECT_OBJC_ISA_USAGE = YES_ERROR;
				CLANG_WARN_DOCUMENTATION_COMMENTS = YES;
				CLANG_WARN_EMPTY_BODY = YES;
				CLANG_WARN_ENUM_CONVERSION = YES;
				CLANG_WARN_INFINITE_RECURSION = YES;
				CLANG_WARN_INT_CONVERSION = YES;
				CLANG_WARN_NON_LITERAL_NULL_CONVERSION = YES;
				CLANG_WARN_OBJC_LITERAL_CONVERSION = YES;
				CLANG_WARN_OBJC_ROOT_CLASS = YES_ERROR;
				CLANG_WARN_RANGE_LOOP_ANALYSIS = YES;
				CLANG_WARN_STRICT_PROTOTYPES = YES;
				CLANG_WARN_SUSPICIOUS_MOVE = YES;
				CLANG_WARN_UNGUARDED_AVAILABILITY = YES_AGGRESSIVE;
				CLANG_WARN_UNREACHABLE_CODE = YES;
				CLANG_WARN__DUPLICATE_METHOD_MATCH = YES;
				CODE_SIGN_IDENTITY = "iPhone Developer";
				COPY_PHASE_STRIP = NO;
				DEBUG_INFORMATION_FORMAT = "dwarf-with-dsym";
				ENABLE_NS_ASSERTIONS = NO;
				ENABLE_STRICT_OBJC_MSGSEND = YES;
				GCC_C_LANGUAGE_STANDARD = gnu11;
				GCC_NO_COMMON_BLOCKS = YES;
				GCC_WARN_64_TO_32_BIT_CONVERSION = YES;
				GCC_WARN_ABOUT_RETURN_TYPE = YES_ERROR;
				GCC_WARN_UNDECLARED_SELECTOR = YES;
				GCC_WARN_UNINITIALIZED_AUTOS = YES_AGGRESSIVE;
				GCC_WARN_UNUSED_FUNCTION = YES;
				GCC_WARN_UNUSED_VARIABLE = YES;
				IPHONEOS_DEPLOYMENT_TARGET = 11.2;
				MTL_ENABLE_DEBUG_INFO = NO;
				SDKROOT = iphoneos;
				SWIFT_OPTIMIZATION_LEVEL = "-Owholemodule";
				VALIDATE_PRODUCT = YES;
			};
			name = Release;
		};
		D7E0BD642036F304000157DB /* Debug */ = {
			isa = XCBuildConfiguration;
			buildSettings = {
				ASSETCATALOG_COMPILER_APPICON_NAME = AppIcon;
				CODE_SIGN_STYLE = Automatic;
				INFOPLIST_FILE = "Saymon experiment 01/Info.plist";
				LD_RUNPATH_SEARCH_PATHS = "$(inherited) @executable_path/Frameworks";
				PRODUCT_BUNDLE_IDENTIFIER = "com.ishayt.Saymon-experiment-01";
				PRODUCT_NAME = "$(TARGET_NAME)";
				SWIFT_VERSION = 4.0;
				TARGETED_DEVICE_FAMILY = "1,2";
			};
			name = Debug;
		};
		D7E0BD652036F304000157DB /* Release */ = {
			isa = XCBuildConfiguration;
			buildSettings = {
				ASSETCATALOG_COMPILER_APPICON_NAME = AppIcon;
				CODE_SIGN_STYLE = Automatic;
				INFOPLIST_FILE = "Saymon experiment 01/Info.plist";
				LD_RUNPATH_SEARCH_PATHS = "$(inherited) @executable_path/Frameworks";
				PRODUCT_BUNDLE_IDENTIFIER = "com.ishayt.Saymon-experiment-01";
				PRODUCT_NAME = "$(TARGET_NAME)";
				SWIFT_VERSION = 4.0;
				TARGETED_DEVICE_FAMILY = "1,2";
			};
			name = Release;
		};
/* End XCBuildConfiguration section */

/* Begin XCConfigurationList section */
		D7E0BD4C2036F303000157DB /* Build configuration list for PBXProject "Saymon experiment 01" */ = {
			isa = XCConfigurationList;
			buildConfigurations = (
				D7E0BD612036F304000157DB /* Debug */,
				D7E0BD622036F304000157DB /* Release */,
			);
			defaultConfigurationIsVisible = 0;
			defaultConfigurationName = Release;
		};
		D7E0BD632036F304000157DB /* Build configuration list for PBXNativeTarget "Saymon experiment 01" */ = {
			isa = XCConfigurationList;
			buildConfigurations = (
				D7E0BD642036F304000157DB /* Debug */,
				D7E0BD652036F304000157DB /* Release */,
			);
			defaultConfigurationIsVisible = 0;
			defaultConfigurationName = Release;
		};
/* End XCConfigurationList section */
	};
	rootObject = D7E0BD492036F303000157DB /* Project object */;
}
