// !$*UTF8*$!
{
	archiveVersion = 1;
	classes = {
	};
	objectVersion = 48;
	objects = {

/* Begin PBXBuildFile section */
		58EB979DB10405F21FD2A49F /* Pods_Saimon_experiment_01.framework in Frameworks */ = {isa = PBXBuildFile; fileRef = B94C24410EDDA256F427785F /* Pods_Saimon_experiment_01.framework */; };
		D76C46D82062B86B000C55CB /* buttonSound1.wav in Resources */ = {isa = PBXBuildFile; fileRef = D76C46D42062B869000C55CB /* buttonSound1.wav */; };
		D76C46D92062B86B000C55CB /* buttonSound4.wav in Resources */ = {isa = PBXBuildFile; fileRef = D76C46D52062B86A000C55CB /* buttonSound4.wav */; };
		D76C46DA2062B86B000C55CB /* buttonSound3.wav in Resources */ = {isa = PBXBuildFile; fileRef = D76C46D62062B86A000C55CB /* buttonSound3.wav */; };
		D76C46DB2062B86B000C55CB /* buttonSound2.wav in Resources */ = {isa = PBXBuildFile; fileRef = D76C46D72062B86B000C55CB /* buttonSound2.wav */; };
		D789E9FC204DD34E00CF7C3A /* HighScoreTableViewCell.swift in Sources */ = {isa = PBXBuildFile; fileRef = D789E9FA204DD34E00CF7C3A /* HighScoreTableViewCell.swift */; };
		D789E9FD204DD34E00CF7C3A /* XibScoreTableViewCell.xib in Resources */ = {isa = PBXBuildFile; fileRef = D789E9FB204DD34E00CF7C3A /* XibScoreTableViewCell.xib */; };
		D7C47694204AC8CA0077260A /* MarkerFelt.ttc in Resources */ = {isa = PBXBuildFile; fileRef = D7C47693204AC8C90077260A /* MarkerFelt.ttc */; };
		D7C47696204AC9F10077260A /* Herculanum.ttf in Resources */ = {isa = PBXBuildFile; fileRef = D7C47695204AC9F00077260A /* Herculanum.ttf */; };
		D7C47698204AD5550077260A /* Chalkduster.ttf in Resources */ = {isa = PBXBuildFile; fileRef = D7C47697204AD5540077260A /* Chalkduster.ttf */; };
		D7C4769E204AD8210077260A /* Luminari.ttf in Resources */ = {isa = PBXBuildFile; fileRef = D7C47699204AD81D0077260A /* Luminari.ttf */; };
		D7C4769F204AD8210077260A /* SnellRoundhand.ttc in Resources */ = {isa = PBXBuildFile; fileRef = D7C4769A204AD81D0077260A /* SnellRoundhand.ttc */; };
		D7C476A0204AD8210077260A /* Zapfino.ttf in Resources */ = {isa = PBXBuildFile; fileRef = D7C4769B204AD81E0077260A /* Zapfino.ttf */; };
		D7C476A1204AD8210077260A /* Savoye LET.ttc in Resources */ = {isa = PBXBuildFile; fileRef = D7C4769C204AD81F0077260A /* Savoye LET.ttc */; };
		D7C476A2204AD8210077260A /* Trattatello.ttf in Resources */ = {isa = PBXBuildFile; fileRef = D7C4769D204AD8200077260A /* Trattatello.ttf */; };
		D7E0BD552036F303000157DB /* AppDelegate.swift in Sources */ = {isa = PBXBuildFile; fileRef = D7E0BD542036F303000157DB /* AppDelegate.swift */; };
		D7E0BD572036F304000157DB /* WelcomeScreenController.swift in Sources */ = {isa = PBXBuildFile; fileRef = D7E0BD562036F304000157DB /* WelcomeScreenController.swift */; };
		D7E0BD5A2036F304000157DB /* Main.storyboard in Resources */ = {isa = PBXBuildFile; fileRef = D7E0BD582036F304000157DB /* Main.storyboard */; };
		D7E0BD5C2036F304000157DB /* Assets.xcassets in Resources */ = {isa = PBXBuildFile; fileRef = D7E0BD5B2036F304000157DB /* Assets.xcassets */; };
		D7E0BD5F2036F304000157DB /* LaunchScreen.storyboard in Resources */ = {isa = PBXBuildFile; fileRef = D7E0BD5D2036F304000157DB /* LaunchScreen.storyboard */; };
		D7E0BD6B2037247A000157DB /* LoginInController.swift in Sources */ = {isa = PBXBuildFile; fileRef = D7E0BD6A2037247A000157DB /* LoginInController.swift */; };
		D7E0BD6D20372506000157DB /* RegisterController.swift in Sources */ = {isa = PBXBuildFile; fileRef = D7E0BD6C20372506000157DB /* RegisterController.swift */; };
		D7E0BD6F203725D4000157DB /* SimonGameController.swift in Sources */ = {isa = PBXBuildFile; fileRef = D7E0BD6E203725D4000157DB /* SimonGameController.swift */; };
		D7E0BD712037260F000157DB /* HighScoreController.swift in Sources */ = {isa = PBXBuildFile; fileRef = D7E0BD702037260F000157DB /* HighScoreController.swift */; };
		D7FAB2BB20480D9900B7C64F /* GoogleService-Info.plist in Resources */ = {isa = PBXBuildFile; fileRef = D7FAB2BA20480D9900B7C64F /* GoogleService-Info.plist */; };
		D7FAB2BE20487DB400B7C64F /* DesignableView.swift in Sources */ = {isa = PBXBuildFile; fileRef = D7FAB2BD20487DB400B7C64F /* DesignableView.swift */; };
		D7FAB2C020487E6B00B7C64F /* DesignableButton.swift in Sources */ = {isa = PBXBuildFile; fileRef = D7FAB2BF20487E6B00B7C64F /* DesignableButton.swift */; };
/* End PBXBuildFile section */

/* Begin PBXFileReference section */
		2D7F042519311507CC1B6AB8 /* Pods-Saimon experiment 01.release.xcconfig */ = {isa = PBXFileReference; includeInIndex = 1; lastKnownFileType = text.xcconfig; name = "Pods-Saimon experiment 01.release.xcconfig"; path = "Pods/Target Support Files/Pods-Saimon experiment 01/Pods-Saimon experiment 01.release.xcconfig"; sourceTree = "<group>"; };
		96B6B4540EBE31E81A0F82D4 /* Pods-Saimon experiment 01.debug.xcconfig */ = {isa = PBXFileReference; includeInIndex = 1; lastKnownFileType = text.xcconfig; name = "Pods-Saimon experiment 01.debug.xcconfig"; path = "Pods/Target Support Files/Pods-Saimon experiment 01/Pods-Saimon experiment 01.debug.xcconfig"; sourceTree = "<group>"; };
		B94C24410EDDA256F427785F /* Pods_Saimon_experiment_01.framework */ = {isa = PBXFileReference; explicitFileType = wrapper.framework; includeInIndex = 0; path = Pods_Saimon_experiment_01.framework; sourceTree = BUILT_PRODUCTS_DIR; };
		D76C46D42062B869000C55CB /* buttonSound1.wav */ = {isa = PBXFileReference; lastKnownFileType = audio.wav; path = buttonSound1.wav; sourceTree = "<group>"; };
		D76C46D52062B86A000C55CB /* buttonSound4.wav */ = {isa = PBXFileReference; lastKnownFileType = audio.wav; path = buttonSound4.wav; sourceTree = "<group>"; };
		D76C46D62062B86A000C55CB /* buttonSound3.wav */ = {isa = PBXFileReference; lastKnownFileType = audio.wav; path = buttonSound3.wav; sourceTree = "<group>"; };
		D76C46D72062B86B000C55CB /* buttonSound2.wav */ = {isa = PBXFileReference; lastKnownFileType = audio.wav; path = buttonSound2.wav; sourceTree = "<group>"; };
		D789E9FA204DD34E00CF7C3A /* HighScoreTableViewCell.swift */ = {isa = PBXFileReference; lastKnownFileType = sourcecode.swift; path = HighScoreTableViewCell.swift; sourceTree = "<group>"; };
		D789E9FB204DD34E00CF7C3A /* XibScoreTableViewCell.xib */ = {isa = PBXFileReference; lastKnownFileType = file.xib; path = XibScoreTableViewCell.xib; sourceTree = "<group>"; };
		D7C47693204AC8C90077260A /* MarkerFelt.ttc */ = {isa = PBXFileReference; lastKnownFileType = file; path = MarkerFelt.ttc; sourceTree = "<group>"; };
		D7C47695204AC9F00077260A /* Herculanum.ttf */ = {isa = PBXFileReference; lastKnownFileType = file; path = Herculanum.ttf; sourceTree = "<group>"; };
		D7C47697204AD5540077260A /* Chalkduster.ttf */ = {isa = PBXFileReference; lastKnownFileType = file; path = Chalkduster.ttf; sourceTree = "<group>"; };
		D7C47699204AD81D0077260A /* Luminari.ttf */ = {isa = PBXFileReference; lastKnownFileType = file; path = Luminari.ttf; sourceTree = "<group>"; };
		D7C4769A204AD81D0077260A /* SnellRoundhand.ttc */ = {isa = PBXFileReference; lastKnownFileType = file; path = SnellRoundhand.ttc; sourceTree = "<group>"; };
		D7C4769B204AD81E0077260A /* Zapfino.ttf */ = {isa = PBXFileReference; lastKnownFileType = file; path = Zapfino.ttf; sourceTree = "<group>"; };
		D7C4769C204AD81F0077260A /* Savoye LET.ttc */ = {isa = PBXFileReference; lastKnownFileType = file; path = "Savoye LET.ttc"; sourceTree = "<group>"; };
		D7C4769D204AD8200077260A /* Trattatello.ttf */ = {isa = PBXFileReference; lastKnownFileType = file; path = Trattatello.ttf; sourceTree = "<group>"; };
		D7E0BD512036F303000157DB /* Saimon experiment 01.app */ = {isa = PBXFileReference; explicitFileType = wrapper.application; includeInIndex = 0; path = "Saimon experiment 01.app"; sourceTree = BUILT_PRODUCTS_DIR; };
		D7E0BD542036F303000157DB /* AppDelegate.swift */ = {isa = PBXFileReference; lastKnownFileType = sourcecode.swift; path = AppDelegate.swift; sourceTree = "<group>"; };
		D7E0BD562036F304000157DB /* WelcomeScreenController.swift */ = {isa = PBXFileReference; lastKnownFileType = sourcecode.swift; path = WelcomeScreenController.swift; sourceTree = "<group>"; };
		D7E0BD592036F304000157DB /* Base */ = {isa = PBXFileReference; lastKnownFileType = file.storyboard; name = Base; path = Base.lproj/Main.storyboard; sourceTree = "<group>"; };
		D7E0BD5B2036F304000157DB /* Assets.xcassets */ = {isa = PBXFileReference; lastKnownFileType = folder.assetcatalog; path = Assets.xcassets; sourceTree = "<group>"; };
		D7E0BD5E2036F304000157DB /* Base */ = {isa = PBXFileReference; lastKnownFileType = file.storyboard; name = Base; path = Base.lproj/LaunchScreen.storyboard; sourceTree = "<group>"; };
		D7E0BD602036F304000157DB /* Info.plist */ = {isa = PBXFileReference; lastKnownFileType = text.plist.xml; path = Info.plist; sourceTree = "<group>"; };
		D7E0BD6A2037247A000157DB /* LoginInController.swift */ = {isa = PBXFileReference; lastKnownFileType = sourcecode.swift; path = LoginInController.swift; sourceTree = "<group>"; };
		D7E0BD6C20372506000157DB /* RegisterController.swift */ = {isa = PBXFileReference; lastKnownFileType = sourcecode.swift; path = RegisterController.swift; sourceTree = "<group>"; };
		D7E0BD6E203725D4000157DB /* SimonGameController.swift */ = {isa = PBXFileReference; lastKnownFileType = sourcecode.swift; path = SimonGameController.swift; sourceTree = "<group>"; };
		D7E0BD702037260F000157DB /* HighScoreController.swift */ = {isa = PBXFileReference; lastKnownFileType = sourcecode.swift; path = HighScoreController.swift; sourceTree = "<group>"; };
		D7FAB2BA20480D9900B7C64F /* GoogleService-Info.plist */ = {isa = PBXFileReference; fileEncoding = 4; lastKnownFileType = text.plist.xml; path = "GoogleService-Info.plist"; sourceTree = "<group>"; };
		D7FAB2BD20487DB400B7C64F /* DesignableView.swift */ = {isa = PBXFileReference; lastKnownFileType = sourcecode.swift; path = DesignableView.swift; sourceTree = "<group>"; };
		D7FAB2BF20487E6B00B7C64F /* DesignableButton.swift */ = {isa = PBXFileReference; lastKnownFileType = sourcecode.swift; path = DesignableButton.swift; sourceTree = "<group>"; };
/* End PBXFileReference section */

/* Begin PBXFrameworksBuildPhase section */
		D7E0BD4E2036F303000157DB /* Frameworks */ = {
			isa = PBXFrameworksBuildPhase;
			buildActionMask = 2147483647;
			files = (
				58EB979DB10405F21FD2A49F /* Pods_Saimon_experiment_01.framework in Frameworks */,
			);
			runOnlyForDeploymentPostprocessing = 0;
		};
/* End PBXFrameworksBuildPhase section */

/* Begin PBXGroup section */
		C06989426BF1E981A70A55A3 /* Frameworks */ = {
			isa = PBXGroup;
			children = (
				B94C24410EDDA256F427785F /* Pods_Saimon_experiment_01.framework */,
			);
			name = Frameworks;
			sourceTree = "<group>";
		};
		D7382E7C204D8F3D0095CCDB /* Fonts */ = {
			isa = PBXGroup;
			children = (
				D7C47695204AC9F00077260A /* Herculanum.ttf */,
				D7C47697204AD5540077260A /* Chalkduster.ttf */,
				D7C47699204AD81D0077260A /* Luminari.ttf */,
				D7C4769C204AD81F0077260A /* Savoye LET.ttc */,
				D7C4769A204AD81D0077260A /* SnellRoundhand.ttc */,
				D7C4769D204AD8200077260A /* Trattatello.ttf */,
				D7C4769B204AD81E0077260A /* Zapfino.ttf */,
				D7C47693204AC8C90077260A /* MarkerFelt.ttc */,
			);
			path = Fonts;
			sourceTree = "<group>";
		};
		D76C46DC2062B878000C55CB /* Sounds */ = {
			isa = PBXGroup;
			children = (
				D76C46D42062B869000C55CB /* buttonSound1.wav */,
				D76C46D72062B86B000C55CB /* buttonSound2.wav */,
				D76C46D62062B86A000C55CB /* buttonSound3.wav */,
				D76C46D52062B86A000C55CB /* buttonSound4.wav */,
			);
			path = Sounds;
			sourceTree = "<group>";
		};
		D7E0BD482036F303000157DB = {
			isa = PBXGroup;
			children = (
				D7E0BD532036F303000157DB /* Saimon experiment 01 */,
				D7E0BD522036F303000157DB /* Products */,
				EE360668550A5E04B169256E /* Pods */,
				C06989426BF1E981A70A55A3 /* Frameworks */,
			);
			sourceTree = "<group>";
		};
		D7E0BD522036F303000157DB /* Products */ = {
			isa = PBXGroup;
			children = (
				D7E0BD512036F303000157DB /* Saimon experiment 01.app */,
			);
			name = Products;
			sourceTree = "<group>";
		};
		D7E0BD532036F303000157DB /* Saimon experiment 01 */ = {
			isa = PBXGroup;
			children = (
				D7E0BD6820372249000157DB /* Model */,
				D7E0BD67203721F4000157DB /* View */,
				D7E0BD66203721C7000157DB /* Controller */,
				D7E0BD6920372257000157DB /* Supporting Files */,
				D7E0BD5B2036F304000157DB /* Assets.xcassets */,
				D7E0BD602036F304000157DB /* Info.plist */,
				D7FAB2BA20480D9900B7C64F /* GoogleService-Info.plist */,
			);
			path = "Saimon experiment 01";
			sourceTree = "<group>";
		};
		D7E0BD66203721C7000157DB /* Controller */ = {
			isa = PBXGroup;
			children = (
				D7E0BD542036F303000157DB /* AppDelegate.swift */,
				D7E0BD562036F304000157DB /* WelcomeScreenController.swift */,
				D7E0BD6A2037247A000157DB /* LoginInController.swift */,
				D7E0BD6C20372506000157DB /* RegisterController.swift */,
				D7E0BD6E203725D4000157DB /* SimonGameController.swift */,
				D7E0BD702037260F000157DB /* HighScoreController.swift */,
			);
			path = Controller;
			sourceTree = "<group>";
		};
		D7E0BD67203721F4000157DB /* View */ = {
			isa = PBXGroup;
			children = (
				D7E0BD5D2036F304000157DB /* LaunchScreen.storyboard */,
				D7E0BD582036F304000157DB /* Main.storyboard */,
				D76C46DC2062B878000C55CB /* Sounds */,
				D7FAB2BC20487D3400B7C64F /* Design */,
			);
			path = View;
			sourceTree = "<group>";
		};
		D7E0BD6820372249000157DB /* Model */ = {
			isa = PBXGroup;
			children = (
			);
			path = Model;
			sourceTree = "<group>";
		};
		D7E0BD6920372257000157DB /* Supporting Files */ = {
			isa = PBXGroup;
			children = (
			);
			path = "Supporting Files";
			sourceTree = "<group>";
		};
		D7FAB2BC20487D3400B7C64F /* Design */ = {
			isa = PBXGroup;
			children = (
				D7FAB2BD20487DB400B7C64F /* DesignableView.swift */,
				D7FAB2BF20487E6B00B7C64F /* DesignableButton.swift */,
				D7382E7C204D8F3D0095CCDB /* Fonts */,
				D789E9FA204DD34E00CF7C3A /* HighScoreTableViewCell.swift */,
				D789E9FB204DD34E00CF7C3A /* XibScoreTableViewCell.xib */,
			);
			path = Design;
			sourceTree = "<group>";
		};
		EE360668550A5E04B169256E /* Pods */ = {
			isa = PBXGroup;
			children = (
				96B6B4540EBE31E81A0F82D4 /* Pods-Saimon experiment 01.debug.xcconfig */,
				2D7F042519311507CC1B6AB8 /* Pods-Saimon experiment 01.release.xcconfig */,
			);
			name = Pods;
			sourceTree = "<group>";
		};
/* End PBXGroup section */

/* Begin PBXNativeTarget section */
		D7E0BD502036F303000157DB /* Saimon experiment 01 */ = {
			isa = PBXNativeTarget;
			buildConfigurationList = D7E0BD632036F304000157DB /* Build configuration list for PBXNativeTarget "Saimon experiment 01" */;
			buildPhases = (
				C9DB5FFCC2ABD788DEB2920B /* [CP] Check Pods Manifest.lock */,
				D7E0BD4D2036F303000157DB /* Sources */,
				D7E0BD4E2036F303000157DB /* Frameworks */,
				D7E0BD4F2036F303000157DB /* Resources */,
				24033FB477753DE74256D0F5 /* [CP] Embed Pods Frameworks */,
				91014BADA52F80BDA3BE1D3A /* [CP] Copy Pods Resources */,
			);
			buildRules = (
			);
			dependencies = (
			);
			name = "Saimon experiment 01";
			productName = "Saymon experiment 01";
			productReference = D7E0BD512036F303000157DB /* Saimon experiment 01.app */;
			productType = "com.apple.product-type.application";
		};
/* End PBXNativeTarget section */

/* Begin PBXProject section */
		D7E0BD492036F303000157DB /* Project object */ = {
			isa = PBXProject;
			attributes = {
				LastSwiftUpdateCheck = 0920;
				LastUpgradeCheck = 0920;
				ORGANIZATIONNAME = Ishay;
				TargetAttributes = {
					D7E0BD502036F303000157DB = {
						CreatedOnToolsVersion = 9.2;
						ProvisioningStyle = Automatic;
					};
				};
			};
			buildConfigurationList = D7E0BD4C2036F303000157DB /* Build configuration list for PBXProject "Saimon experiment 01" */;
			compatibilityVersion = "Xcode 8.0";
			developmentRegion = en;
			hasScannedForEncodings = 0;
			knownRegions = (
				en,
				Base,
			);
			mainGroup = D7E0BD482036F303000157DB;
			productRefGroup = D7E0BD522036F303000157DB /* Products */;
			projectDirPath = "";
			projectRoot = "";
			targets = (
				D7E0BD502036F303000157DB /* Saimon experiment 01 */,
			);
		};
/* End PBXProject section */

/* Begin PBXResourcesBuildPhase section */
		D7E0BD4F2036F303000157DB /* Resources */ = {
			isa = PBXResourcesBuildPhase;
			buildActionMask = 2147483647;
			files = (
				D7C47696204AC9F10077260A /* Herculanum.ttf in Resources */,
				D7C4769E204AD8210077260A /* Luminari.ttf in Resources */,
				D7C47698204AD5550077260A /* Chalkduster.ttf in Resources */,
				D789E9FD204DD34E00CF7C3A /* XibScoreTableViewCell.xib in Resources */,
				D76C46DA2062B86B000C55CB /* buttonSound3.wav in Resources */,
				D7C476A2204AD8210077260A /* Trattatello.ttf in Resources */,
				D76C46DB2062B86B000C55CB /* buttonSound2.wav in Resources */,
				D7E0BD5F2036F304000157DB /* LaunchScreen.storyboard in Resources */,
				D7C476A0204AD8210077260A /* Zapfino.ttf in Resources */,
				D7FAB2BB20480D9900B7C64F /* GoogleService-Info.plist in Resources */,
				D76C46D82062B86B000C55CB /* buttonSound1.wav in Resources */,
				D7E0BD5C2036F304000157DB /* Assets.xcassets in Resources */,
				D76C46D92062B86B000C55CB /* buttonSound4.wav in Resources */,
				D7C47694204AC8CA0077260A /* MarkerFelt.ttc in Resources */,
				D7C4769F204AD8210077260A /* SnellRoundhand.ttc in Resources */,
				D7E0BD5A2036F304000157DB /* Main.storyboard in Resources */,
				D7C476A1204AD8210077260A /* Savoye LET.ttc in Resources */,
			);
			runOnlyForDeploymentPostprocessing = 0;
		};
/* End PBXResourcesBuildPhase section */

/* Begin PBXShellScriptBuildPhase section */
		24033FB477753DE74256D0F5 /* [CP] Embed Pods Frameworks */ = {
			isa = PBXShellScriptBuildPhase;
			buildActionMask = 2147483647;
			files = (
			);
			inputPaths = (
				"${SRCROOT}/Pods/Target Support Files/Pods-Saimon experiment 01/Pods-Saimon experiment 01-frameworks.sh",
				"${BUILT_PRODUCTS_DIR}/ChameleonFramework/ChameleonFramework.framework",
				"${BUILT_PRODUCTS_DIR}/GTMSessionFetcher/GTMSessionFetcher.framework",
				"${BUILT_PRODUCTS_DIR}/GoogleToolboxForMac/GoogleToolboxForMac.framework",
				"${BUILT_PRODUCTS_DIR}/SVProgressHUD/SVProgressHUD.framework",
				"${BUILT_PRODUCTS_DIR}/leveldb-library/leveldb.framework",
				"${BUILT_PRODUCTS_DIR}/nanopb/nanopb.framework",
			);
			name = "[CP] Embed Pods Frameworks";
			outputPaths = (
				"${TARGET_BUILD_DIR}/${FRAMEWORKS_FOLDER_PATH}/ChameleonFramework.framework",
				"${TARGET_BUILD_DIR}/${FRAMEWORKS_FOLDER_PATH}/GTMSessionFetcher.framework",
				"${TARGET_BUILD_DIR}/${FRAMEWORKS_FOLDER_PATH}/GoogleToolboxForMac.framework",
				"${TARGET_BUILD_DIR}/${FRAMEWORKS_FOLDER_PATH}/SVProgressHUD.framework",
				"${TARGET_BUILD_DIR}/${FRAMEWORKS_FOLDER_PATH}/leveldb.framework",
				"${TARGET_BUILD_DIR}/${FRAMEWORKS_FOLDER_PATH}/nanopb.framework",
			);
			runOnlyForDeploymentPostprocessing = 0;
			shellPath = /bin/sh;
			shellScript = "\"${SRCROOT}/Pods/Target Support Files/Pods-Saimon experiment 01/Pods-Saimon experiment 01-frameworks.sh\"\n";
			showEnvVarsInLog = 0;
		};
		91014BADA52F80BDA3BE1D3A /* [CP] Copy Pods Resources */ = {
			isa = PBXShellScriptBuildPhase;
			buildActionMask = 2147483647;
			files = (
			);
			inputPaths = (
			);
			name = "[CP] Copy Pods Resources";
			outputPaths = (
			);
			runOnlyForDeploymentPostprocessing = 0;
			shellPath = /bin/sh;
			shellScript = "\"${SRCROOT}/Pods/Target Support Files/Pods-Saimon experiment 01/Pods-Saimon experiment 01-resources.sh\"\n";
			showEnvVarsInLog = 0;
		};
		C9DB5FFCC2ABD788DEB2920B /* [CP] Check Pods Manifest.lock */ = {
			isa = PBXShellScriptBuildPhase;
			buildActionMask = 2147483647;
			files = (
			);
			inputPaths = (
				"${PODS_PODFILE_DIR_PATH}/Podfile.lock",
				"${PODS_ROOT}/Manifest.lock",
			);
			name = "[CP] Check Pods Manifest.lock";
			outputPaths = (
				"$(DERIVED_FILE_DIR)/Pods-Saimon experiment 01-checkManifestLockResult.txt",
			);
			runOnlyForDeploymentPostprocessing = 0;
			shellPath = /bin/sh;
			shellScript = "diff \"${PODS_PODFILE_DIR_PATH}/Podfile.lock\" \"${PODS_ROOT}/Manifest.lock\" > /dev/null\nif [ $? != 0 ] ; then\n    # print error to STDERR\n    echo \"error: The sandbox is not in sync with the Podfile.lock. Run 'pod install' or update your CocoaPods installation.\" >&2\n    exit 1\nfi\n# This output is used by Xcode 'outputs' to avoid re-running this script phase.\necho \"SUCCESS\" > \"${SCRIPT_OUTPUT_FILE_0}\"\n";
			showEnvVarsInLog = 0;
		};
/* End PBXShellScriptBuildPhase section */

/* Begin PBXSourcesBuildPhase section */
		D7E0BD4D2036F303000157DB /* Sources */ = {
			isa = PBXSourcesBuildPhase;
			buildActionMask = 2147483647;
			files = (
				D7E0BD712037260F000157DB /* HighScoreController.swift in Sources */,
				D7E0BD6F203725D4000157DB /* SimonGameController.swift in Sources */,
				D7E0BD6D20372506000157DB /* RegisterController.swift in Sources */,
				D7FAB2C020487E6B00B7C64F /* DesignableButton.swift in Sources */,
				D7E0BD572036F304000157DB /* WelcomeScreenController.swift in Sources */,
				D7FAB2BE20487DB400B7C64F /* DesignableView.swift in Sources */,
				D7E0BD6B2037247A000157DB /* LoginInController.swift in Sources */,
				D7E0BD552036F303000157DB /* AppDelegate.swift in Sources */,
				D789E9FC204DD34E00CF7C3A /* HighScoreTableViewCell.swift in Sources */,
			);
			runOnlyForDeploymentPostprocessing = 0;
		};
/* End PBXSourcesBuildPhase section */

/* Begin PBXVariantGroup section */
		D7E0BD582036F304000157DB /* Main.storyboard */ = {
			isa = PBXVariantGroup;
			children = (
				D7E0BD592036F304000157DB /* Base */,
			);
			name = Main.storyboard;
			sourceTree = "<group>";
		};
		D7E0BD5D2036F304000157DB /* LaunchScreen.storyboard */ = {
			isa = PBXVariantGroup;
			children = (
				D7E0BD5E2036F304000157DB /* Base */,
			);
			name = LaunchScreen.storyboard;
			sourceTree = "<group>";
		};
/* End PBXVariantGroup section */

/* Begin XCBuildConfiguration section */
		D7E0BD612036F304000157DB /* Debug */ = {
			isa = XCBuildConfiguration;
			buildSettings = {
				ALWAYS_SEARCH_USER_PATHS = NO;
				CLANG_ANALYZER_NONNULL = YES;
				CLANG_ANALYZER_NUMBER_OBJECT_CONVERSION = YES_AGGRESSIVE;
				CLANG_CXX_LANGUAGE_STANDARD = "gnu++14";
				CLANG_CXX_LIBRARY = "libc++";
				CLANG_ENABLE_MODULES = YES;
				CLANG_ENABLE_OBJC_ARC = YES;
				CLANG_WARN_BLOCK_CAPTURE_AUTORELEASING = YES;
				CLANG_WARN_BOOL_CONVERSION = YES;
				CLANG_WARN_COMMA = YES;
				CLANG_WARN_CONSTANT_CONVERSION = YES;
				CLANG_WARN_DIRECT_OBJC_ISA_USAGE = YES_ERROR;
				CLANG_WARN_DOCUMENTATION_COMMENTS = YES;
				CLANG_WARN_EMPTY_BODY = YES;
				CLANG_WARN_ENUM_CONVERSION = YES;
				CLANG_WARN_INFINITE_RECURSION = YES;
				CLANG_WARN_INT_CONVERSION = YES;
				CLANG_WARN_NON_LITERAL_NULL_CONVERSION = YES;
				CLANG_WARN_OBJC_LITERAL_CONVERSION = YES;
				CLANG_WARN_OBJC_ROOT_CLASS = YES_ERROR;
				CLANG_WARN_RANGE_LOOP_ANALYSIS = YES;
				CLANG_WARN_STRICT_PROTOTYPES = YES;
				CLANG_WARN_SUSPICIOUS_MOVE = YES;
				CLANG_WARN_UNGUARDED_AVAILABILITY = YES_AGGRESSIVE;
				CLANG_WARN_UNREACHABLE_CODE = YES;
				CLANG_WARN__DUPLICATE_METHOD_MATCH = YES;
				CODE_SIGN_IDENTITY = "iPhone Developer";
				COPY_PHASE_STRIP = NO;
				DEBUG_INFORMATION_FORMAT = dwarf;
				ENABLE_STRICT_OBJC_MSGSEND = YES;
				ENABLE_TESTABILITY = YES;
				GCC_C_LANGUAGE_STANDARD = gnu11;
				GCC_DYNAMIC_NO_PIC = NO;
				GCC_NO_COMMON_BLOCKS = YES;
				GCC_OPTIMIZATION_LEVEL = 0;
				GCC_PREPROCESSOR_DEFINITIONS = (
					"DEBUG=1",
					"$(inherited)",
				);
				GCC_WARN_64_TO_32_BIT_CONVERSION = YES;
				GCC_WARN_ABOUT_RETURN_TYPE = YES_ERROR;
				GCC_WARN_UNDECLARED_SELECTOR = YES;
				GCC_WARN_UNINITIALIZED_AUTOS = YES_AGGRESSIVE;
				GCC_WARN_UNUSED_FUNCTION = YES;
				GCC_WARN_UNUSED_VARIABLE = YES;
				IPHONEOS_DEPLOYMENT_TARGET = 11.2;
				MTL_ENABLE_DEBUG_INFO = YES;
				ONLY_ACTIVE_ARCH = YES;
				SDKROOT = iphoneos;
				SWIFT_ACTIVE_COMPILATION_CONDITIONS = DEBUG;
				SWIFT_OPTIMIZATION_LEVEL = "-Onone";
			};
			name = Debug;
		};
		D7E0BD622036F304000157DB /* Release */ = {
			isa = XCBuildConfiguration;
			buildSettings = {
				ALWAYS_SEARCH_USER_PATHS = NO;
				CLANG_ANALYZER_NONNULL = YES;
				CLANG_ANALYZER_NUMBER_OBJECT_CONVERSION = YES_AGGRESSIVE;
				CLANG_CXX_LANGUAGE_STANDARD = "gnu++14";
				CLANG_CXX_LIBRARY = "libc++";
				CLANG_ENABLE_MODULES = YES;
				CLANG_ENABLE_OBJC_ARC = YES;
				CLANG_WARN_BLOCK_CAPTURE_AUTORELEASING = YES;
				CLANG_WARN_BOOL_CONVERSION = YES;
				CLANG_WARN_COMMA = YES;
				CLANG_WARN_CONSTANT_CONVERSION = YES;
				CLANG_WARN_DIRECT_OBJC_ISA_USAGE = YES_ERROR;
				CLANG_WARN_DOCUMENTATION_COMMENTS = YES;
				CLANG_WARN_EMPTY_BODY = YES;
				CLANG_WARN_ENUM_CONVERSION = YES;
				CLANG_WARN_INFINITE_RECURSION = YES;
				CLANG_WARN_INT_CONVERSION = YES;
				CLANG_WARN_NON_LITERAL_NULL_CONVERSION = YES;
				CLANG_WARN_OBJC_LITERAL_CONVERSION = YES;
				CLANG_WARN_OBJC_ROOT_CLASS = YES_ERROR;
				CLANG_WARN_RANGE_LOOP_ANALYSIS = YES;
				CLANG_WARN_STRICT_PROTOTYPES = YES;
				CLANG_WARN_SUSPICIOUS_MOVE = YES;
				CLANG_WARN_UNGUARDED_AVAILABILITY = YES_AGGRESSIVE;
				CLANG_WARN_UNREACHABLE_CODE = YES;
				CLANG_WARN__DUPLICATE_METHOD_MATCH = YES;
				CODE_SIGN_IDENTITY = "iPhone Developer";
				COPY_PHASE_STRIP = NO;
				DEBUG_INFORMATION_FORMAT = "dwarf-with-dsym";
				ENABLE_NS_ASSERTIONS = NO;
				ENABLE_STRICT_OBJC_MSGSEND = YES;
				GCC_C_LANGUAGE_STANDARD = gnu11;
				GCC_NO_COMMON_BLOCKS = YES;
				GCC_WARN_64_TO_32_BIT_CONVERSION = YES;
				GCC_WARN_ABOUT_RETURN_TYPE = YES_ERROR;
				GCC_WARN_UNDECLARED_SELECTOR = YES;
				GCC_WARN_UNINITIALIZED_AUTOS = YES_AGGRESSIVE;
				GCC_WARN_UNUSED_FUNCTION = YES;
				GCC_WARN_UNUSED_VARIABLE = YES;
				IPHONEOS_DEPLOYMENT_TARGET = 11.2;
				MTL_ENABLE_DEBUG_INFO = NO;
				SDKROOT = iphoneos;
				SWIFT_OPTIMIZATION_LEVEL = "-Owholemodule";
				VALIDATE_PRODUCT = YES;
			};
			name = Release;
		};
		D7E0BD642036F304000157DB /* Debug */ = {
			isa = XCBuildConfiguration;
			baseConfigurationReference = 96B6B4540EBE31E81A0F82D4 /* Pods-Saimon experiment 01.debug.xcconfig */;
			buildSettings = {
				ASSETCATALOG_COMPILER_APPICON_NAME = AppIcon;
				CODE_SIGN_STYLE = Automatic;
				INFOPLIST_FILE = "Saimon experiment 01/Info.plist";
				LD_RUNPATH_SEARCH_PATHS = "$(inherited) @executable_path/Frameworks";
				PRODUCT_BUNDLE_IDENTIFIER = "com.ishayt.Saimon-experiment-01";
				PRODUCT_NAME = "$(TARGET_NAME)";
				SWIFT_VERSION = 4.0;
				TARGETED_DEVICE_FAMILY = "1,2";
			};
			name = Debug;
		};
		D7E0BD652036F304000157DB /* Release */ = {
			isa = XCBuildConfiguration;
			baseConfigurationReference = 2D7F042519311507CC1B6AB8 /* Pods-Saimon experiment 01.release.xcconfig */;
			buildSettings = {
				ASSETCATALOG_COMPILER_APPICON_NAME = AppIcon;
				CODE_SIGN_STYLE = Automatic;
				INFOPLIST_FILE = "Saimon experiment 01/Info.plist";
				LD_RUNPATH_SEARCH_PATHS = "$(inherited) @executable_path/Frameworks";
				PRODUCT_BUNDLE_IDENTIFIER = "com.ishayt.Saimon-experiment-01";
				PRODUCT_NAME = "$(TARGET_NAME)";
				SWIFT_VERSION = 4.0;
				TARGETED_DEVICE_FAMILY = "1,2";
			};
			name = Release;
		};
/* End XCBuildConfiguration section */

/* Begin XCConfigurationList section */
		D7E0BD4C2036F303000157DB /* Build configuration list for PBXProject "Saimon experiment 01" */ = {
			isa = XCConfigurationList;
			buildConfigurations = (
				D7E0BD612036F304000157DB /* Debug */,
				D7E0BD622036F304000157DB /* Release */,
			);
			defaultConfigurationIsVisible = 0;
			defaultConfigurationName = Release;
		};
		D7E0BD632036F304000157DB /* Build configuration list for PBXNativeTarget "Saimon experiment 01" */ = {
			isa = XCConfigurationList;
			buildConfigurations = (
				D7E0BD642036F304000157DB /* Debug */,
				D7E0BD652036F304000157DB /* Release */,
			);
			defaultConfigurationIsVisible = 0;
			defaultConfigurationName = Release;
		};
/* End XCConfigurationList section */
	};
	rootObject = D7E0BD492036F303000157DB /* Project object */;
}
